
Microsoft Visual Studio Solution File, Format Version 12.00
# Visual Studio Version 17
VisualStudioVersion = 17.14.36717.8 d17.14
MinimumVisualStudioVersion = 10.0.40219.1
Project("{8BC9CEB8-8B4A-11D0-8D11-00A0C91BC942}") = "Project1", "Project1\Project1.vcxproj", "{089FBEDB-250B-4DB5-9E6C-5171ED578BF1}"
EndProject
Project("{2150E333-8FDC-42A3-9474-1A3956D46DE8}") = "Solution Items", "Solution Items", "{8EC462FD-D22E-90A8-E5CE-7E832BA40C5D}"
	ProjectSection(SolutionItems) = preProject
		main.cpp = main.cpp
	EndProjectSection
EndProject
Global
	GlobalSection(SolutionConfigurationPlatforms) = preSolution
		Debug|x64 = Debug|x64
		Debug|x86 = Debug|x86
		Release|x64 = Release|x64
		Release|x86 = Release|x86
	EndGlobalSection
	GlobalSection(ProjectConfigurationPlatforms) = postSolution
		{089FBEDB-250B-4DB5-9E6C-5171ED578BF1}.Debug|x64.ActiveCfg = Debug|x64
		{089FBEDB-250B-4DB5-9E6C-5171ED578BF1}.Debug|x64.Build.0 = Debug|x64
		{089FBEDB-250B-4DB5-9E6C-5171ED578BF1}.Debug|x86.ActiveCfg = Debug|Win32
		{089FBEDB-250B-4DB5-9E6C-5171ED578BF1}.Debug|x86.Build.0 = Debug|Win32
		{089FBEDB-250B-4DB5-9E6C-5171ED578BF1}.Release|x64.ActiveCfg = Release|x64
		{089FBEDB-250B-4DB5-9E6C-5171ED578BF1}.Release|x64.Build.0 = Release|x64
		{089FBEDB-250B-4DB5-9E6C-5171ED578BF1}.Release|x86.ActiveCfg = Release|Win32
		{089FBEDB-250B-4DB5-9E6C-5171ED578BF1}.Release|x86.Build.0 = Release|Win32
	EndGlobalSection
	GlobalSection(SolutionProperties) = preSolution
		HideSolutionNode = FALSE
	EndGlobalSection
	GlobalSection(ExtensibilityGlobals) = postSolution
		SolutionGuid = {1E84DDB8-E31E-4F8E-9189-BF89C242E909}
	EndGlobalSection
EndGlobal
